
Microsoft Visual Studio Solution File, Format Version 12.00
# Visual Studio Version 17
VisualStudioVersion = 17.0.32126.317
MinimumVisualStudioVersion = 10.0.40219.1
Project("{FAE04EC0-301F-11D3-BF4B-00C04F79EFBC}") = "BankClient", "BankClient\BankClient.csproj", "{A649CFBF-FEA9-47F7-B04F-4FE39027F9BD}"
EndProject
Global
	GlobalSection(SolutionConfigurationPlatforms) = preSolution
		Debug|Any CPU = Debug|Any CPU
		Release|Any CPU = Release|Any CPU
	EndGlobalSection
	GlobalSection(ProjectConfigurationPlatforms) = postSolution
		{A649CFBF-FEA9-47F7-B04F-4FE39027F9BD}.Debug|Any CPU.ActiveCfg = Debug|Any CPU
		{A649CFBF-FEA9-47F7-B04F-4FE39027F9BD}.Debug|Any CPU.Build.0 = Debug|Any CPU
		{A649CFBF-FEA9-47F7-B04F-4FE39027F9BD}.Release|Any CPU.ActiveCfg = Release|Any CPU
		{A649CFBF-FEA9-47F7-B04F-4FE39027F9BD}.Release|Any CPU.Build.0 = Release|Any CPU
	EndGlobalSection
	GlobalSection(SolutionProperties) = preSolution
		HideSolutionNode = FALSE
	EndGlobalSection
	GlobalSection(ExtensibilityGlobals) = postSolution
		SolutionGuid = {CABEB361-4C8A-4035-85CF-D55D1AF9CBAF}
	EndGlobalSection
EndGlobal
